
Microsoft Visual Studio Solution File, Format Version 12.00
# Visual Studio Version 17
VisualStudioVersion = 17.0.31912.275
MinimumVisualStudioVersion = 10.0.40219.1
Project("{FAE04EC0-301F-11D3-BF4B-00C04F79EFBC}") = "HrSystem", "HrSystem\HrSystem.csproj", "{C40300AC-185A-405D-BFE8-985C1AA529EF}"
EndProject
Global
	GlobalSection(SolutionConfigurationPlatforms) = preSolution
		Debug|Any CPU = Debug|Any CPU
		Release|Any CPU = Release|Any CPU
	EndGlobalSection
	GlobalSection(ProjectConfigurationPlatforms) = postSolution
		{C40300AC-185A-405D-BFE8-985C1AA529EF}.Debug|Any CPU.ActiveCfg = Debug|Any CPU
		{C40300AC-185A-405D-BFE8-985C1AA529EF}.Debug|Any CPU.Build.0 = Debug|Any CPU
		{C40300AC-185A-405D-BFE8-985C1AA529EF}.Release|Any CPU.ActiveCfg = Release|Any CPU
		{C40300AC-185A-405D-BFE8-985C1AA529EF}.Release|Any CPU.Build.0 = Release|Any CPU
	EndGlobalSection
	GlobalSection(SolutionProperties) = preSolution
		HideSolutionNode = FALSE
	EndGlobalSection
	GlobalSection(ExtensibilityGlobals) = postSolution
		SolutionGuid = {749BEF61-F1C3-488E-9DE9-533D0E590FCD}
	EndGlobalSection
EndGlobal
